
Microsoft Visual Studio Solution File, Format Version 12.00
# Visual Studio Version 17
VisualStudioVersion = 17.3.32929.385
MinimumVisualStudioVersion = 10.0.40219.1
Project("{FAE04EC0-301F-11D3-BF4B-00C04F79EFBC}") = "Filestream", "FileStream\Filestream.csproj", "{6FDF050D-D3FD-4CEE-AEC9-34B7C8111082}"
EndProject
Global
	GlobalSection(SolutionConfigurationPlatforms) = preSolution
		Debug|Any CPU = Debug|Any CPU
		Release|Any CPU = Release|Any CPU
	EndGlobalSection
	GlobalSection(ProjectConfigurationPlatforms) = postSolution
		{6FDF050D-D3FD-4CEE-AEC9-34B7C8111082}.Debug|Any CPU.ActiveCfg = Debug|Any CPU
		{6FDF050D-D3FD-4CEE-AEC9-34B7C8111082}.Debug|Any CPU.Build.0 = Debug|Any CPU
		{6FDF050D-D3FD-4CEE-AEC9-34B7C8111082}.Release|Any CPU.ActiveCfg = Release|Any CPU
		{6FDF050D-D3FD-4CEE-AEC9-34B7C8111082}.Release|Any CPU.Build.0 = Release|Any CPU
	EndGlobalSection
	GlobalSection(SolutionProperties) = preSolution
		HideSolutionNode = FALSE
	EndGlobalSection
	GlobalSection(ExtensibilityGlobals) = postSolution
		SolutionGuid = {775662CF-BD2E-4DA2-BC33-1CB6D07CB22C}
	EndGlobalSection
EndGlobal
