
Microsoft Visual Studio Solution File, Format Version 12.00
# Visual Studio Version 17
VisualStudioVersion = 17.3.32929.385
MinimumVisualStudioVersion = 10.0.40219.1
Project("{FAE04EC0-301F-11D3-BF4B-00C04F79EFBC}") = "ExercicioLambdaComLinq", "ExercicioLambdaComLinq\ExercicioLambdaComLinq.csproj", "{35B74621-9118-49D0-896B-9F69133D8862}"
EndProject
Global
	GlobalSection(SolutionConfigurationPlatforms) = preSolution
		Debug|Any CPU = Debug|Any CPU
		Release|Any CPU = Release|Any CPU
	EndGlobalSection
	GlobalSection(ProjectConfigurationPlatforms) = postSolution
		{35B74621-9118-49D0-896B-9F69133D8862}.Debug|Any CPU.ActiveCfg = Debug|Any CPU
		{35B74621-9118-49D0-896B-9F69133D8862}.Debug|Any CPU.Build.0 = Debug|Any CPU
		{35B74621-9118-49D0-896B-9F69133D8862}.Release|Any CPU.ActiveCfg = Release|Any CPU
		{35B74621-9118-49D0-896B-9F69133D8862}.Release|Any CPU.Build.0 = Release|Any CPU
	EndGlobalSection
	GlobalSection(SolutionProperties) = preSolution
		HideSolutionNode = FALSE
	EndGlobalSection
	GlobalSection(ExtensibilityGlobals) = postSolution
		SolutionGuid = {BB98472B-5C72-4502-92D5-C7C1D421440D}
	EndGlobalSection
EndGlobal
