
Microsoft Visual Studio Solution File, Format Version 12.00
# Visual Studio Version 17
VisualStudioVersion = 17.3.32929.385
MinimumVisualStudioVersion = 10.0.40219.1
Project("{FAE04EC0-301F-11D3-BF4B-00C04F79EFBC}") = "Matrizes", "Matrizes\Matrizes.csproj", "{45E7BB64-56A4-4841-9D19-7A01A05D0BB0}"
EndProject
Global
	GlobalSection(SolutionConfigurationPlatforms) = preSolution
		Debug|Any CPU = Debug|Any CPU
		Release|Any CPU = Release|Any CPU
	EndGlobalSection
	GlobalSection(ProjectConfigurationPlatforms) = postSolution
		{45E7BB64-56A4-4841-9D19-7A01A05D0BB0}.Debug|Any CPU.ActiveCfg = Debug|Any CPU
		{45E7BB64-56A4-4841-9D19-7A01A05D0BB0}.Debug|Any CPU.Build.0 = Debug|Any CPU
		{45E7BB64-56A4-4841-9D19-7A01A05D0BB0}.Release|Any CPU.ActiveCfg = Release|Any CPU
		{45E7BB64-56A4-4841-9D19-7A01A05D0BB0}.Release|Any CPU.Build.0 = Release|Any CPU
	EndGlobalSection
	GlobalSection(SolutionProperties) = preSolution
		HideSolutionNode = FALSE
	EndGlobalSection
	GlobalSection(ExtensibilityGlobals) = postSolution
		SolutionGuid = {290158F7-D0C7-49F7-BC84-C44874CF3C52}
	EndGlobalSection
EndGlobal
