
Microsoft Visual Studio Solution File, Format Version 12.00
# Visual Studio Version 17
VisualStudioVersion = 17.3.32929.385
MinimumVisualStudioVersion = 10.0.40219.1
Project("{FAE04EC0-301F-11D3-BF4B-00C04F79EFBC}") = "Streamwriter", "Streamwriter\Streamwriter.csproj", "{A2BD7207-F811-402A-9A5A-F371D394DF72}"
EndProject
Global
	GlobalSection(SolutionConfigurationPlatforms) = preSolution
		Debug|Any CPU = Debug|Any CPU
		Release|Any CPU = Release|Any CPU
	EndGlobalSection
	GlobalSection(ProjectConfigurationPlatforms) = postSolution
		{A2BD7207-F811-402A-9A5A-F371D394DF72}.Debug|Any CPU.ActiveCfg = Debug|Any CPU
		{A2BD7207-F811-402A-9A5A-F371D394DF72}.Debug|Any CPU.Build.0 = Debug|Any CPU
		{A2BD7207-F811-402A-9A5A-F371D394DF72}.Release|Any CPU.ActiveCfg = Release|Any CPU
		{A2BD7207-F811-402A-9A5A-F371D394DF72}.Release|Any CPU.Build.0 = Release|Any CPU
	EndGlobalSection
	GlobalSection(SolutionProperties) = preSolution
		HideSolutionNode = FALSE
	EndGlobalSection
	GlobalSection(ExtensibilityGlobals) = postSolution
		SolutionGuid = {6A2BECB8-F5ED-4937-9BA5-B4FB1023F986}
	EndGlobalSection
EndGlobal
