
Microsoft Visual Studio Solution File, Format Version 12.00
# Visual Studio Version 17
VisualStudioVersion = 17.3.32929.385
MinimumVisualStudioVersion = 10.0.40219.1
Project("{FAE04EC0-301F-11D3-BF4B-00C04F79EFBC}") = "ExercicioFuncionarioHeranca", "ExercicioFuncionarioHeranca\ExercicioFuncionarioHeranca.csproj", "{1F0873C6-40F9-46EB-B627-C3A90339BF09}"
EndProject
Global
	GlobalSection(SolutionConfigurationPlatforms) = preSolution
		Debug|Any CPU = Debug|Any CPU
		Release|Any CPU = Release|Any CPU
	EndGlobalSection
	GlobalSection(ProjectConfigurationPlatforms) = postSolution
		{1F0873C6-40F9-46EB-B627-C3A90339BF09}.Debug|Any CPU.ActiveCfg = Debug|Any CPU
		{1F0873C6-40F9-46EB-B627-C3A90339BF09}.Debug|Any CPU.Build.0 = Debug|Any CPU
		{1F0873C6-40F9-46EB-B627-C3A90339BF09}.Release|Any CPU.ActiveCfg = Release|Any CPU
		{1F0873C6-40F9-46EB-B627-C3A90339BF09}.Release|Any CPU.Build.0 = Release|Any CPU
	EndGlobalSection
	GlobalSection(SolutionProperties) = preSolution
		HideSolutionNode = FALSE
	EndGlobalSection
	GlobalSection(ExtensibilityGlobals) = postSolution
		SolutionGuid = {F20B3AC5-22C1-4A29-9B1D-FDFB85FA9FAA}
	EndGlobalSection
EndGlobal
