
Microsoft Visual Studio Solution File, Format Version 12.00
# Visual Studio Version 17
VisualStudioVersion = 17.3.32929.385
MinimumVisualStudioVersion = 10.0.40219.1
Project("{FAE04EC0-301F-11D3-BF4B-00C04F79EFBC}") = "Dicionarios", "Dicionarios\Dicionarios.csproj", "{D26C0D60-6F8E-4605-9427-D1699ECDEBCB}"
EndProject
Global
	GlobalSection(SolutionConfigurationPlatforms) = preSolution
		Debug|Any CPU = Debug|Any CPU
		Release|Any CPU = Release|Any CPU
	EndGlobalSection
	GlobalSection(ProjectConfigurationPlatforms) = postSolution
		{D26C0D60-6F8E-4605-9427-D1699ECDEBCB}.Debug|Any CPU.ActiveCfg = Debug|Any CPU
		{D26C0D60-6F8E-4605-9427-D1699ECDEBCB}.Debug|Any CPU.Build.0 = Debug|Any CPU
		{D26C0D60-6F8E-4605-9427-D1699ECDEBCB}.Release|Any CPU.ActiveCfg = Release|Any CPU
		{D26C0D60-6F8E-4605-9427-D1699ECDEBCB}.Release|Any CPU.Build.0 = Release|Any CPU
	EndGlobalSection
	GlobalSection(SolutionProperties) = preSolution
		HideSolutionNode = FALSE
	EndGlobalSection
	GlobalSection(ExtensibilityGlobals) = postSolution
		SolutionGuid = {DCEDDE47-B014-416B-9616-6ECE388E017D}
	EndGlobalSection
EndGlobal
